
Microsoft Visual Studio Solution File, Format Version 12.00
# Visual Studio Version 17
VisualStudioVersion = 17.7.34024.191
MinimumVisualStudioVersion = 10.0.40219.1
Project("{FAE04EC0-301F-11D3-BF4B-00C04F79EFBC}") = "gruppe-2-easyword", "gruppe-2-easyword.csproj", "{3E08FA8A-0387-4067-9F63-F153A47CEC0D}"
EndProject
Global
	GlobalSection(SolutionConfigurationPlatforms) = preSolution
		Debug|Any CPU = Debug|Any CPU
		Release|Any CPU = Release|Any CPU
	EndGlobalSection
	GlobalSection(ProjectConfigurationPlatforms) = postSolution
		{3E08FA8A-0387-4067-9F63-F153A47CEC0D}.Debug|Any CPU.ActiveCfg = Debug|Any CPU
		{3E08FA8A-0387-4067-9F63-F153A47CEC0D}.Debug|Any CPU.Build.0 = Debug|Any CPU
		{3E08FA8A-0387-4067-9F63-F153A47CEC0D}.Release|Any CPU.ActiveCfg = Release|Any CPU
		{3E08FA8A-0387-4067-9F63-F153A47CEC0D}.Release|Any CPU.Build.0 = Release|Any CPU
	EndGlobalSection
	GlobalSection(SolutionProperties) = preSolution
		HideSolutionNode = FALSE
	EndGlobalSection
	GlobalSection(ExtensibilityGlobals) = postSolution
		SolutionGuid = {A5612A5F-837B-4A14-B540-33699EDAB225}
	EndGlobalSection
EndGlobal
